
Microsoft Visual Studio Solution File, Format Version 12.00
# Visual Studio Version 16
VisualStudioVersion = 16.0.32228.343
MinimumVisualStudioVersion = 10.0.40219.1
Project("{9A19103F-16F7-4668-BE54-9A1E7A4F7556}") = "employeeManagement", "employeeManagement\employeeManagement.csproj", "{4496581F-1B70-448E-9941-EE61E7B66742}"
EndProject
Project("{FAE04EC0-301F-11D3-BF4B-00C04F79EFBC}") = "ngEmployeeManagementApp", "ngEmployeeManagementApp\ngEmployeeManagementApp.csproj", "{AC29F7E4-F8FC-4D04-AEDD-AF78AF236DC1}"
EndProject
Project("{FAE04EC0-301F-11D3-BF4B-00C04F79EFBC}") = "EmployeeManagementAPI", "EmployeeManagementAPI\EmployeeManagementAPI.csproj", "{530A4A24-960E-4FE8-80EC-AA67D7BAA9B6}"
EndProject
Global
	GlobalSection(SolutionConfigurationPlatforms) = preSolution
		Debug|Any CPU = Debug|Any CPU
		Release|Any CPU = Release|Any CPU
	EndGlobalSection
	GlobalSection(ProjectConfigurationPlatforms) = postSolution
		{4496581F-1B70-448E-9941-EE61E7B66742}.Debug|Any CPU.ActiveCfg = Debug|Any CPU
		{4496581F-1B70-448E-9941-EE61E7B66742}.Debug|Any CPU.Build.0 = Debug|Any CPU
		{4496581F-1B70-448E-9941-EE61E7B66742}.Release|Any CPU.ActiveCfg = Release|Any CPU
		{4496581F-1B70-448E-9941-EE61E7B66742}.Release|Any CPU.Build.0 = Release|Any CPU
		{AC29F7E4-F8FC-4D04-AEDD-AF78AF236DC1}.Debug|Any CPU.ActiveCfg = Debug|Any CPU
		{AC29F7E4-F8FC-4D04-AEDD-AF78AF236DC1}.Debug|Any CPU.Build.0 = Debug|Any CPU
		{AC29F7E4-F8FC-4D04-AEDD-AF78AF236DC1}.Release|Any CPU.ActiveCfg = Release|Any CPU
		{AC29F7E4-F8FC-4D04-AEDD-AF78AF236DC1}.Release|Any CPU.Build.0 = Release|Any CPU
		{530A4A24-960E-4FE8-80EC-AA67D7BAA9B6}.Debug|Any CPU.ActiveCfg = Debug|Any CPU
		{530A4A24-960E-4FE8-80EC-AA67D7BAA9B6}.Debug|Any CPU.Build.0 = Debug|Any CPU
		{530A4A24-960E-4FE8-80EC-AA67D7BAA9B6}.Release|Any CPU.ActiveCfg = Release|Any CPU
		{530A4A24-960E-4FE8-80EC-AA67D7BAA9B6}.Release|Any CPU.Build.0 = Release|Any CPU
	EndGlobalSection
	GlobalSection(SolutionProperties) = preSolution
		HideSolutionNode = FALSE
	EndGlobalSection
	GlobalSection(ExtensibilityGlobals) = postSolution
		SolutionGuid = {749A17D6-61D0-4DC2-992C-1904CAC21DFE}
	EndGlobalSection
EndGlobal
